
Microsoft Visual Studio Solution File, Format Version 12.00
# Visual Studio Version 17
VisualStudioVersion = 17.2.32505.173
MinimumVisualStudioVersion = 10.0.40219.1
Project("{FAE04EC0-301F-11D3-BF4B-00C04F79EFBC}") = "SaidasDeDados", "SaidasDeDados\SaidasDeDados.csproj", "{ECADFE85-3287-4D6F-900F-9919A110AD42}"
EndProject
Global
	GlobalSection(SolutionConfigurationPlatforms) = preSolution
		Debug|Any CPU = Debug|Any CPU
		Release|Any CPU = Release|Any CPU
	EndGlobalSection
	GlobalSection(ProjectConfigurationPlatforms) = postSolution
		{ECADFE85-3287-4D6F-900F-9919A110AD42}.Debug|Any CPU.ActiveCfg = Debug|Any CPU
		{ECADFE85-3287-4D6F-900F-9919A110AD42}.Debug|Any CPU.Build.0 = Debug|Any CPU
		{ECADFE85-3287-4D6F-900F-9919A110AD42}.Release|Any CPU.ActiveCfg = Release|Any CPU
		{ECADFE85-3287-4D6F-900F-9919A110AD42}.Release|Any CPU.Build.0 = Release|Any CPU
	EndGlobalSection
	GlobalSection(SolutionProperties) = preSolution
		HideSolutionNode = FALSE
	EndGlobalSection
	GlobalSection(ExtensibilityGlobals) = postSolution
		SolutionGuid = {D01227D5-7D2B-4CF9-A526-D4DC1F8E1857}
	EndGlobalSection
EndGlobal
