
Microsoft Visual Studio Solution File, Format Version 12.00
# Visual Studio Version 17
VisualStudioVersion = 17.2.32505.173
MinimumVisualStudioVersion = 10.0.40219.1
Project("{FAE04EC0-301F-11D3-BF4B-00C04F79EFBC}") = "SolucaoSemInterface", "SolucaoSemInterface\SolucaoSemInterface.csproj", "{FD919F72-6B8A-4065-9BE3-4E0F5E534BD4}"
EndProject
Global
	GlobalSection(SolutionConfigurationPlatforms) = preSolution
		Debug|Any CPU = Debug|Any CPU
		Release|Any CPU = Release|Any CPU
	EndGlobalSection
	GlobalSection(ProjectConfigurationPlatforms) = postSolution
		{FD919F72-6B8A-4065-9BE3-4E0F5E534BD4}.Debug|Any CPU.ActiveCfg = Debug|Any CPU
		{FD919F72-6B8A-4065-9BE3-4E0F5E534BD4}.Debug|Any CPU.Build.0 = Debug|Any CPU
		{FD919F72-6B8A-4065-9BE3-4E0F5E534BD4}.Release|Any CPU.ActiveCfg = Release|Any CPU
		{FD919F72-6B8A-4065-9BE3-4E0F5E534BD4}.Release|Any CPU.Build.0 = Release|Any CPU
	EndGlobalSection
	GlobalSection(SolutionProperties) = preSolution
		HideSolutionNode = FALSE
	EndGlobalSection
	GlobalSection(ExtensibilityGlobals) = postSolution
		SolutionGuid = {372A98FE-7277-4D4B-AB35-655BFBA43398}
	EndGlobalSection
EndGlobal
