
Microsoft Visual Studio Solution File, Format Version 12.00
# Visual Studio Version 17
VisualStudioVersion = 17.2.32630.192
MinimumVisualStudioVersion = 10.0.40219.1
Project("{FAE04EC0-301F-11D3-BF4B-00C04F79EFBC}") = "InterfaceExercicio01", "InterfaceExercicio01\InterfaceExercicio01.csproj", "{8875E01C-A473-4A66-BEE9-F1580DCF1814}"
EndProject
Global
	GlobalSection(SolutionConfigurationPlatforms) = preSolution
		Debug|Any CPU = Debug|Any CPU
		Release|Any CPU = Release|Any CPU
	EndGlobalSection
	GlobalSection(ProjectConfigurationPlatforms) = postSolution
		{8875E01C-A473-4A66-BEE9-F1580DCF1814}.Debug|Any CPU.ActiveCfg = Debug|Any CPU
		{8875E01C-A473-4A66-BEE9-F1580DCF1814}.Debug|Any CPU.Build.0 = Debug|Any CPU
		{8875E01C-A473-4A66-BEE9-F1580DCF1814}.Release|Any CPU.ActiveCfg = Release|Any CPU
		{8875E01C-A473-4A66-BEE9-F1580DCF1814}.Release|Any CPU.Build.0 = Release|Any CPU
	EndGlobalSection
	GlobalSection(SolutionProperties) = preSolution
		HideSolutionNode = FALSE
	EndGlobalSection
	GlobalSection(ExtensibilityGlobals) = postSolution
		SolutionGuid = {F1D16A16-2242-47A7-B575-885A5E337F4B}
	EndGlobalSection
EndGlobal
