
Microsoft Visual Studio Solution File, Format Version 12.00
# Visual Studio Version 17
VisualStudioVersion = 17.2.32630.192
MinimumVisualStudioVersion = 10.0.40219.1
Project("{FAE04EC0-301F-11D3-BF4B-00C04F79EFBC}") = "HerancaMultipla_ProblemaDiamante", "HerancaMultipla_ProblemaDiamante\HerancaMultipla_ProblemaDiamante.csproj", "{C8E4A226-1B24-4DC6-9F9F-22BAB986BA9D}"
EndProject
Global
	GlobalSection(SolutionConfigurationPlatforms) = preSolution
		Debug|Any CPU = Debug|Any CPU
		Release|Any CPU = Release|Any CPU
	EndGlobalSection
	GlobalSection(ProjectConfigurationPlatforms) = postSolution
		{C8E4A226-1B24-4DC6-9F9F-22BAB986BA9D}.Debug|Any CPU.ActiveCfg = Debug|Any CPU
		{C8E4A226-1B24-4DC6-9F9F-22BAB986BA9D}.Debug|Any CPU.Build.0 = Debug|Any CPU
		{C8E4A226-1B24-4DC6-9F9F-22BAB986BA9D}.Release|Any CPU.ActiveCfg = Release|Any CPU
		{C8E4A226-1B24-4DC6-9F9F-22BAB986BA9D}.Release|Any CPU.Build.0 = Release|Any CPU
	EndGlobalSection
	GlobalSection(SolutionProperties) = preSolution
		HideSolutionNode = FALSE
	EndGlobalSection
	GlobalSection(ExtensibilityGlobals) = postSolution
		SolutionGuid = {442E9E81-E127-4C37-81D3-336C7AA47F99}
	EndGlobalSection
EndGlobal
