
Microsoft Visual Studio Solution File, Format Version 12.00
# Visual Studio Version 17
VisualStudioVersion = 17.2.32505.173
MinimumVisualStudioVersion = 10.0.40219.1
Project("{FAE04EC0-301F-11D3-BF4B-00C04F79EFBC}") = "SemOrientacaoObjeto", "SemOrientacaoObjeto\SemOrientacaoObjeto.csproj", "{1E2B8762-C693-4A11-AC72-19DA4C328044}"
EndProject
Global
	GlobalSection(SolutionConfigurationPlatforms) = preSolution
		Debug|Any CPU = Debug|Any CPU
		Release|Any CPU = Release|Any CPU
	EndGlobalSection
	GlobalSection(ProjectConfigurationPlatforms) = postSolution
		{1E2B8762-C693-4A11-AC72-19DA4C328044}.Debug|Any CPU.ActiveCfg = Debug|Any CPU
		{1E2B8762-C693-4A11-AC72-19DA4C328044}.Debug|Any CPU.Build.0 = Debug|Any CPU
		{1E2B8762-C693-4A11-AC72-19DA4C328044}.Release|Any CPU.ActiveCfg = Release|Any CPU
		{1E2B8762-C693-4A11-AC72-19DA4C328044}.Release|Any CPU.Build.0 = Release|Any CPU
	EndGlobalSection
	GlobalSection(SolutionProperties) = preSolution
		HideSolutionNode = FALSE
	EndGlobalSection
	GlobalSection(ExtensibilityGlobals) = postSolution
		SolutionGuid = {A5A88A43-7506-4650-82AC-F907FC273295}
	EndGlobalSection
EndGlobal
