
Microsoft Visual Studio Solution File, Format Version 12.00
# Visual Studio Version 17
VisualStudioVersion = 17.2.32630.192
MinimumVisualStudioVersion = 10.0.40219.1
Project("{FAE04EC0-301F-11D3-BF4B-00C04F79EFBC}") = "Heranca_x_Interface01", "Heranca_x_Interface01\Heranca_x_Interface01.csproj", "{79E511FA-13AA-4394-84C1-03CE9A9395B9}"
EndProject
Global
	GlobalSection(SolutionConfigurationPlatforms) = preSolution
		Debug|Any CPU = Debug|Any CPU
		Release|Any CPU = Release|Any CPU
	EndGlobalSection
	GlobalSection(ProjectConfigurationPlatforms) = postSolution
		{79E511FA-13AA-4394-84C1-03CE9A9395B9}.Debug|Any CPU.ActiveCfg = Debug|Any CPU
		{79E511FA-13AA-4394-84C1-03CE9A9395B9}.Debug|Any CPU.Build.0 = Debug|Any CPU
		{79E511FA-13AA-4394-84C1-03CE9A9395B9}.Release|Any CPU.ActiveCfg = Release|Any CPU
		{79E511FA-13AA-4394-84C1-03CE9A9395B9}.Release|Any CPU.Build.0 = Release|Any CPU
	EndGlobalSection
	GlobalSection(SolutionProperties) = preSolution
		HideSolutionNode = FALSE
	EndGlobalSection
	GlobalSection(ExtensibilityGlobals) = postSolution
		SolutionGuid = {6B30881D-A0E8-478C-A6A2-5BDFC301B1E0}
	EndGlobalSection
EndGlobal
